<?xml version="1.0" encoding="utf-8"?>
<Project ToolsVersion="4.0" xmlns="http://schemas.microsoft.com/developer/msbuild/2003">
  <ItemGroup>
    <Filter Include="Source Files">
      <UniqueIdentifier>{4FC737F1-C7A5-4376-A066-2A32D752A2FF}</UniqueIdentifier>
      <Extensions>cpp;c;cc;cxx;c++;cppm;ixx;def;odl;idl;hpj;bat;asm;asmx</Extensions>
    </Filter>
    <Filter Include="Header Files">
      <UniqueIdentifier>{93995380-89BD-4b04-88EB-625FBE52EBFB}</UniqueIdentifier>
      <Extensions>h;hh;hpp;hxx;h++;hm;inl;inc;ipp;xsd</Extensions>
    </Filter>
    <Filter Include="Resource Files">
      <UniqueIdentifier>{67DA6AB6-F800-4c08-8B7A-83BB121AAD01}</UniqueIdentifier>
      <Extensions>rc;ico;cur;bmp;dlg;rc2;rct;bin;rgs;gif;jpg;jpeg;jpe;resx;tiff;tif;png;wav;mfcribbon-ms</Extensions>
    </Filter>
  </ItemGroup>
  <ItemGroup>
    <ClInclude Include="TickCounter.h">
      <Filter>Header Files</Filter>
    </ClInclude>
    <ClInclude Include="TileMap.h">
      <Filter>Header Files</Filter>
    </ClInclude>
    <ClInclude Include="TileObject.h">
      <Filter>Header Files</Filter>
    </ClInclude>
    <ClInclude Include="TileProgram.h">
      <Filter>Header Files</Filter>
    </ClInclude>
    <ClInclude Include="tinyxml2.h">
      <Filter>Header Files</Filter>
    </ClInclude>
    <ClInclude Include="VertexPos2D.h">
      <Filter>Header Files</Filter>
    </ClInclude>
    <ClInclude Include="Wall.h">
      <Filter>Header Files</Filter>
    </ClInclude>
    <ClInclude Include="Weapon.h">
      <Filter>Header Files</Filter>
    </ClInclude>
    <ClInclude Include="WorldObject.h">
      <Filter>Header Files</Filter>
    </ClInclude>
    <ClInclude Include="ZTestState.h">
      <Filter>Header Files</Filter>
    </ClInclude>
    <ClInclude Include="Animation.h">
      <Filter>Header Files</Filter>
    </ClInclude>
    <ClInclude Include="Audio.h">
      <Filter>Header Files</Filter>
    </ClInclude>
    <ClInclude Include="BaseObject.h">
      <Filter>Header Files</Filter>
    </ClInclude>
    <ClInclude Include="BorderPolygon2D.h">
      <Filter>Header Files</Filter>
    </ClInclude>
    <ClInclude Include="ComplexPlainParticleProgram.h">
      <Filter>Header Files</Filter>
    </ClInclude>
    <ClInclude Include="ComplexTexturedParticleProgram.h">
      <Filter>Header Files</Filter>
    </ClInclude>
    <ClInclude Include="Door.h">
      <Filter>Header Files</Filter>
    </ClInclude>
    <ClInclude Include="Editor.h">
      <Filter>Header Files</Filter>
    </ClInclude>
    <ClInclude Include="Effect.h">
      <Filter>Header Files</Filter>
    </ClInclude>
    <ClInclude Include="EffectList.h">
      <Filter>Header Files</Filter>
    </ClInclude>
    <ClInclude Include="Element2D.h">
      <Filter>Header Files</Filter>
    </ClInclude>
    <ClInclude Include="ElementProgram.h">
      <Filter>Header Files</Filter>
    </ClInclude>
    <ClInclude Include="Engine.h">
      <Filter>Header Files</Filter>
    </ClInclude>
    <ClInclude Include="Entity.h">
      <Filter>Header Files</Filter>
    </ClInclude>
    <ClInclude Include="Explosion.h">
      <Filter>Header Files</Filter>
    </ClInclude>
    <ClInclude Include="Floor.h">
      <Filter>Header Files</Filter>
    </ClInclude>
    <ClInclude Include="Font2D.h">
      <Filter>Header Files</Filter>
    </ClInclude>
    <ClInclude Include="FontObject.h">
      <Filter>Header Files</Filter>
    </ClInclude>
    <ClInclude Include="FontProgram2D.h">
      <Filter>Header Files</Filter>
    </ClInclude>
    <ClInclude Include="Game.h">
      <Filter>Header Files</Filter>
    </ClInclude>
    <ClInclude Include="GameState.h">
      <Filter>Header Files</Filter>
    </ClInclude>
    <ClInclude Include="GUI.h">
      <Filter>Header Files</Filter>
    </ClInclude>
    <ClInclude Include="GUI_H.h">
      <Filter>Header Files</Filter>
    </ClInclude>
    <ClInclude Include="GUIButton.h">
      <Filter>Header Files</Filter>
    </ClInclude>
    <ClInclude Include="GUIDropdownList.h">
      <Filter>Header Files</Filter>
    </ClInclude>
    <ClInclude Include="GUIImageElement.h">
      <Filter>Header Files</Filter>
    </ClInclude>
    <ClInclude Include="GUILabel.h">
      <Filter>Header Files</Filter>
    </ClInclude>
    <ClInclude Include="GUIMap.h">
      <Filter>Header Files</Filter>
    </ClInclude>
    <ClInclude Include="GUIMapItem.h">
      <Filter>Header Files</Filter>
    </ClInclude>
    <ClInclude Include="GUIPanel.h">
      <Filter>Header Files</Filter>
    </ClInclude>
    <ClInclude Include="GUISlider.h">
      <Filter>Header Files</Filter>
    </ClInclude>
    <ClInclude Include="GUITextfield.h">
      <Filter>Header Files</Filter>
    </ClInclude>
    <ClInclude Include="InputMapper.h">
      <Filter>Header Files</Filter>
    </ClInclude>
    <ClInclude Include="Item.h">
      <Filter>Header Files</Filter>
    </ClInclude>
    <ClInclude Include="Level.h">
      <Filter>Header Files</Filter>
    </ClInclude>
    <ClInclude Include="LevelContactListener.h">
      <Filter>Header Files</Filter>
    </ClInclude>
    <ClInclude Include="Light.h">
      <Filter>Header Files</Filter>
    </ClInclude>
    <ClInclude Include="LightProgram.h">
      <Filter>Header Files</Filter>
    </ClInclude>
    <ClInclude Include="Mask.h">
      <Filter>Header Files</Filter>
    </ClInclude>
    <ClInclude Include="MaskProgram.h">
      <Filter>Header Files</Filter>
    </ClInclude>
    <ClInclude Include="NOTHING.h">
      <Filter>Header Files</Filter>
    </ClInclude>
    <ClInclude Include="ObjectBase.h">
      <Filter>Header Files</Filter>
    </ClInclude>
    <ClInclude Include="ObjectBasePolymorphism.h">
      <Filter>Header Files</Filter>
    </ClInclude>
    <ClInclude Include="ObjectList.h">
      <Filter>Header Files</Filter>
    </ClInclude>
    <ClInclude Include="OpenGLH.h">
      <Filter>Header Files</Filter>
    </ClInclude>
    <ClInclude Include="particleObject.h">
      <Filter>Header Files</Filter>
    </ClInclude>
    <ClInclude Include="ParticleProgram.h">
      <Filter>Header Files</Filter>
    </ClInclude>
    <ClInclude Include="Person.h">
      <Filter>Header Files</Filter>
    </ClInclude>
    <ClInclude Include="Player.h">
      <Filter>Header Files</Filter>
    </ClInclude>
    <ClInclude Include="pObject.h">
      <Filter>Header Files</Filter>
    </ClInclude>
    <ClInclude Include="RayCastCallbacks.h">
      <Filter>Header Files</Filter>
    </ClInclude>
    <ClInclude Include="Rect.h">
      <Filter>Header Files</Filter>
    </ClInclude>
    <ClInclude Include="RigidBody.h">
      <Filter>Header Files</Filter>
    </ClInclude>
    <ClInclude Include="Sensor.h">
      <Filter>Header Files</Filter>
    </ClInclude>
    <ClInclude Include="ShaderProgram.h">
      <Filter>Header Files</Filter>
    </ClInclude>
    <ClInclude Include="SimpleParticleEmitter.h">
      <Filter>Header Files</Filter>
    </ClInclude>
    <ClInclude Include="Sound.h">
      <Filter>Header Files</Filter>
    </ClInclude>
    <ClInclude Include="SoundLogic.h">
      <Filter>Header Files</Filter>
    </ClInclude>
    <ClInclude Include="SpriteSheet2D.h">
      <Filter>Header Files</Filter>
    </ClInclude>
    <ClInclude Include="Square2D.h">
      <Filter>Header Files</Filter>
    </ClInclude>
    <ClInclude Include="StateManagement.h">
      <Filter>Header Files</Filter>
    </ClInclude>
    <ClInclude Include="StateMenu.h">
      <Filter>Header Files</Filter>
    </ClInclude>
    <ClInclude Include="Textobject.h">
      <Filter>Header Files</Filter>
    </ClInclude>
    <ClInclude Include="Texture2D.h">
      <Filter>Header Files</Filter>
    </ClInclude>
    <ClInclude Include="TexturedPolygon2D.h">
      <Filter>Header Files</Filter>
    </ClInclude>
  </ItemGroup>
  <ItemGroup>
    <ClCompile Include="tinyxml2.cpp">
      <Filter>Source Files</Filter>
    </ClCompile>
    <ClCompile Include="Wall.cpp">
      <Filter>Source Files</Filter>
    </ClCompile>
    <ClCompile Include="Weapon.cpp">
      <Filter>Source Files</Filter>
    </ClCompile>
    <ClCompile Include="WorldObject.cpp">
      <Filter>Source Files</Filter>
    </ClCompile>
    <ClCompile Include="ZTestState.cpp">
      <Filter>Source Files</Filter>
    </ClCompile>
    <ClCompile Include="Animation.cpp">
      <Filter>Source Files</Filter>
    </ClCompile>
    <ClCompile Include="Audio.cpp">
      <Filter>Source Files</Filter>
    </ClCompile>
    <ClCompile Include="BaseObject.cpp">
      <Filter>Source Files</Filter>
    </ClCompile>
    <ClCompile Include="BorderPolygon2D.cpp">
      <Filter>Source Files</Filter>
    </ClCompile>
    <ClCompile Include="ComplexPlainParticleProgram.cpp">
      <Filter>Source Files</Filter>
    </ClCompile>
    <ClCompile Include="ComplexTexturedParticleProgram.cpp">
      <Filter>Source Files</Filter>
    </ClCompile>
    <ClCompile Include="Door.cpp">
      <Filter>Source Files</Filter>
    </ClCompile>
    <ClCompile Include="Editor.cpp">
      <Filter>Source Files</Filter>
    </ClCompile>
    <ClCompile Include="EditorMapper.cpp">
      <Filter>Source Files</Filter>
    </ClCompile>
    <ClCompile Include="Effect.cpp">
      <Filter>Source Files</Filter>
    </ClCompile>
    <ClCompile Include="EffectList.cpp">
      <Filter>Source Files</Filter>
    </ClCompile>
    <ClCompile Include="Element2D.cpp">
      <Filter>Source Files</Filter>
    </ClCompile>
    <ClCompile Include="ElementProgram.cpp">
      <Filter>Source Files</Filter>
    </ClCompile>
    <ClCompile Include="Engine.cpp">
      <Filter>Source Files</Filter>
    </ClCompile>
    <ClCompile Include="Entity.cpp">
      <Filter>Source Files</Filter>
    </ClCompile>
    <ClCompile Include="Explosion.cpp">
      <Filter>Source Files</Filter>
    </ClCompile>
    <ClCompile Include="Floor.cpp">
      <Filter>Source Files</Filter>
    </ClCompile>
    <ClCompile Include="Font2D.cpp">
      <Filter>Source Files</Filter>
    </ClCompile>
    <ClCompile Include="FontObject.cpp">
      <Filter>Source Files</Filter>
    </ClCompile>
    <ClCompile Include="FontProgram2D.cpp">
      <Filter>Source Files</Filter>
    </ClCompile>
    <ClCompile Include="fpsCounter.cpp">
      <Filter>Source Files</Filter>
    </ClCompile>
    <ClCompile Include="Game.cpp">
      <Filter>Source Files</Filter>
    </ClCompile>
    <ClCompile Include="GameMapper.cpp">
      <Filter>Source Files</Filter>
    </ClCompile>
    <ClCompile Include="GameState.cpp">
      <Filter>Source Files</Filter>
    </ClCompile>
    <ClCompile Include="GUI.cpp">
      <Filter>Source Files</Filter>
    </ClCompile>
    <ClCompile Include="GUIButton.cpp">
      <Filter>Source Files</Filter>
    </ClCompile>
    <ClCompile Include="GUIDropdownList.cpp">
      <Filter>Source Files</Filter>
    </ClCompile>
    <ClCompile Include="GUIImageElement.cpp">
      <Filter>Source Files</Filter>
    </ClCompile>
    <ClCompile Include="GUILabel.cpp">
      <Filter>Source Files</Filter>
    </ClCompile>
    <ClCompile Include="GUIMap.cpp">
      <Filter>Source Files</Filter>
    </ClCompile>
    <ClCompile Include="GUIMapItem.cpp">
      <Filter>Source Files</Filter>
    </ClCompile>
    <ClCompile Include="GUIPanel.cpp">
      <Filter>Source Files</Filter>
    </ClCompile>
    <ClCompile Include="GUISlider.cpp">
      <Filter>Source Files</Filter>
    </ClCompile>
    <ClCompile Include="GUITextfield.cpp">
      <Filter>Source Files</Filter>
    </ClCompile>
    <ClCompile Include="Helper.cpp">
      <Filter>Source Files</Filter>
    </ClCompile>
    <ClCompile Include="InputMapper.cpp">
      <Filter>Source Files</Filter>
    </ClCompile>
    <ClCompile Include="Item.cpp">
      <Filter>Source Files</Filter>
    </ClCompile>
    <ClCompile Include="Level.cpp">
      <Filter>Source Files</Filter>
    </ClCompile>
    <ClCompile Include="LevelContactListener.cpp">
      <Filter>Source Files</Filter>
    </ClCompile>
    <ClCompile Include="Light.cpp">
      <Filter>Source Files</Filter>
    </ClCompile>
    <ClCompile Include="LightProgram.cpp">
      <Filter>Source Files</Filter>
    </ClCompile>
    <ClCompile Include="main.cpp">
      <Filter>Source Files</Filter>
    </ClCompile>
    <ClCompile Include="Mask.cpp">
      <Filter>Source Files</Filter>
    </ClCompile>
    <ClCompile Include="MaskProgram.cpp">
      <Filter>Source Files</Filter>
    </ClCompile>
    <ClCompile Include="ObjectBase.cpp">
      <Filter>Source Files</Filter>
    </ClCompile>
    <ClCompile Include="ObjectBasePolymorphism.cpp">
      <Filter>Source Files</Filter>
    </ClCompile>
    <ClCompile Include="ObjectList.cpp">
      <Filter>Source Files</Filter>
    </ClCompile>
    <ClCompile Include="particleObject.cpp">
      <Filter>Source Files</Filter>
    </ClCompile>
    <ClCompile Include="ParticleProgram.cpp">
      <Filter>Source Files</Filter>
    </ClCompile>
    <ClCompile Include="Person.cpp">
      <Filter>Source Files</Filter>
    </ClCompile>
    <ClCompile Include="Player.cpp">
      <Filter>Source Files</Filter>
    </ClCompile>
    <ClCompile Include="pObject.cpp">
      <Filter>Source Files</Filter>
    </ClCompile>
    <ClCompile Include="RayCastCallbacks.cpp">
      <Filter>Source Files</Filter>
    </ClCompile>
    <ClCompile Include="RigidBody.cpp">
      <Filter>Source Files</Filter>
    </ClCompile>
    <ClCompile Include="ShaderProgram.cpp">
      <Filter>Source Files</Filter>
    </ClCompile>
    <ClCompile Include="SimpleParticleEmitter.cpp">
      <Filter>Source Files</Filter>
    </ClCompile>
    <ClCompile Include="Sound.cpp">
      <Filter>Source Files</Filter>
    </ClCompile>
    <ClCompile Include="SoundLogic.cpp">
      <Filter>Source Files</Filter>
    </ClCompile>
    <ClCompile Include="SpriteSheet2D.cpp">
      <Filter>Source Files</Filter>
    </ClCompile>
    <ClCompile Include="Square2D.cpp">
      <Filter>Source Files</Filter>
    </ClCompile>
    <ClCompile Include="StateManagement.cpp">
      <Filter>Source Files</Filter>
    </ClCompile>
    <ClCompile Include="StateMenu.cpp">
      <Filter>Source Files</Filter>
    </ClCompile>
    <ClCompile Include="test.cpp">
      <Filter>Source Files</Filter>
    </ClCompile>
    <ClCompile Include="Textobject.cpp">
      <Filter>Source Files</Filter>
    </ClCompile>
    <ClCompile Include="Texture2D.cpp">
      <Filter>Source Files</Filter>
    </ClCompile>
    <ClCompile Include="TexturedPolygon2D.cpp">
      <Filter>Source Files</Filter>
    </ClCompile>
    <ClCompile Include="TickCounter.cpp">
      <Filter>Source Files</Filter>
    </ClCompile>
    <ClCompile Include="TileMap.cpp">
      <Filter>Source Files</Filter>
    </ClCompile>
    <ClCompile Include="TileProgram.cpp">
      <Filter>Source Files</Filter>
    </ClCompile>
  </ItemGroup>
</Project>